<Solution>
  <Project Path="DrivingAndVehicleLicenseDepartment/DrivingAndVehicleLicenseDepartment.csproj" Id="70609bf9-7bbe-4abd-9db5-fd83a570aef6" />
  <Project Path="DVLD_Business/DVLD_Business.csproj" Id="0ccb9d55-06cd-41d5-b74c-544347353264" />
  <Project Path="DVLD_DataAccess/DVLD_DataAccess.csproj" Id="9d4a6706-fe2a-4e97-9e83-b08c7a05d860" />
</Solution>
